// !$*UTF8*$!
{
	archiveVersion = 1;
	classes = {
	};
	objectVersion = 46;
	objects = {

/* Begin PBXBuildFile section */
		AF10B8511A78FB0A00815676 /* AppDelegate.swift in Sources */ = {isa = PBXBuildFile; fileRef = AF10B8501A78FB0A00815676 /* AppDelegate.swift */; };
		AF10B8541A78FB0A00815676 /* sampleProgress.xcdatamodeld in Sources */ = {isa = PBXBuildFile; fileRef = AF10B8521A78FB0A00815676 /* sampleProgress.xcdatamodeld */; };
		AF10B8561A78FB0A00815676 /* ViewController.swift in Sources */ = {isa = PBXBuildFile; fileRef = AF10B8551A78FB0A00815676 /* ViewController.swift */; };
		AF10B8591A78FB0A00815676 /* Main.storyboard in Resources */ = {isa = PBXBuildFile; fileRef = AF10B8571A78FB0A00815676 /* Main.storyboard */; };
		AF10B85B1A78FB0A00815676 /* Images.xcassets in Resources */ = {isa = PBXBuildFile; fileRef = AF10B85A1A78FB0A00815676 /* Images.xcassets */; };
		AF10B85E1A78FB0A00815676 /* LaunchScreen.xib in Resources */ = {isa = PBXBuildFile; fileRef = AF10B85C1A78FB0A00815676 /* LaunchScreen.xib */; };
		AF10B86A1A78FB0A00815676 /* sampleProgressTests.swift in Sources */ = {isa = PBXBuildFile; fileRef = AF10B8691A78FB0A00815676 /* sampleProgressTests.swift */; };
/* End PBXBuildFile section */

/* Begin PBXContainerItemProxy section */
		AF10B8641A78FB0A00815676 /* PBXContainerItemProxy */ = {
			isa = PBXContainerItemProxy;
			containerPortal = AF10B8431A78FB0900815676 /* Project object */;
			proxyType = 1;
			remoteGlobalIDString = AF10B84A1A78FB0900815676;
			remoteInfo = sampleProgress;
		};
/* End PBXContainerItemProxy section */

/* Begin PBXFileReference section */
		AF10B84B1A78FB0900815676 /* sampleProgress.app */ = {isa = PBXFileReference; explicitFileType = wrapper.application; includeInIndex = 0; path = sampleProgress.app; sourceTree = BUILT_PRODUCTS_DIR; };
		AF10B84F1A78FB0A00815676 /* Info.plist */ = {isa = PBXFileReference; lastKnownFileType = text.plist.xml; path = Info.plist; sourceTree = "<group>"; };
		AF10B8501A78FB0A00815676 /* AppDelegate.swift */ = {isa = PBXFileReference; lastKnownFileType = sourcecode.swift; path = AppDelegate.swift; sourceTree = "<group>"; };
		AF10B8531A78FB0A00815676 /* sampleProgress.xcdatamodel */ = {isa = PBXFileReference; lastKnownFileType = wrapper.xcdatamodel; path = sampleProgress.xcdatamodel; sourceTree = "<group>"; };
		AF10B8551A78FB0A00815676 /* ViewController.swift */ = {isa = PBXFileReference; lastKnownFileType = sourcecode.swift; path = ViewController.swift; sourceTree = "<group>"; };
		AF10B8581A78FB0A00815676 /* Base */ = {isa = PBXFileReference; lastKnownFileType = file.storyboard; name = Base; path = Base.lproj/Main.storyboard; sourceTree = "<group>"; };
		AF10B85A1A78FB0A00815676 /* Images.xcassets */ = {isa = PBXFileReference; lastKnownFileType = folder.assetcatalog; path = Images.xcassets; sourceTree = "<group>"; };
		AF10B85D1A78FB0A00815676 /* Base */ = {isa = PBXFileReference; lastKnownFileType = file.xib; name = Base; path = Base.lproj/LaunchScreen.xib; sourceTree = "<group>"; };
		AF10B8631A78FB0A00815676 /* sampleProgressTests.xctest */ = {isa = PBXFileReference; explicitFileType = wrapper.cfbundle; includeInIndex = 0; path = sampleProgressTests.xctest; sourceTree = BUILT_PRODUCTS_DIR; };
		AF10B8681A78FB0A00815676 /* Info.plist */ = {isa = PBXFileReference; lastKnownFileType = text.plist.xml; path = Info.plist; sourceTree = "<group>"; };
		AF10B8691A78FB0A00815676 /* sampleProgressTests.swift */ = {isa = PBXFileReference; lastKnownFileType = sourcecode.swift; path = sampleProgressTests.swift; sourceTree = "<group>"; };
/* End PBXFileReference section */

/* Begin PBXFrameworksBuildPhase section */
		AF10B8481A78FB0900815676 /* Frameworks */ = {
			isa = PBXFrameworksBuildPhase;
			buildActionMask = 2147483647;
			files = (
			);
			runOnlyForDeploymentPostprocessing = 0;
		};
		AF10B8601A78FB0A00815676 /* Frameworks */ = {
			isa = PBXFrameworksBuildPhase;
			buildActionMask = 2147483647;
			files = (
			);
			runOnlyForDeploymentPostprocessing = 0;
		};
/* End PBXFrameworksBuildPhase section */

/* Begin PBXGroup section */
		AF10B8421A78FB0900815676 = {
			isa = PBXGroup;
			children = (
				AF10B84D1A78FB0900815676 /* sampleProgress */,
				AF10B8661A78FB0A00815676 /* sampleProgressTests */,
				AF10B84C1A78FB0900815676 /* Products */,
			);
			sourceTree = "<group>";
		};
		AF10B84C1A78FB0900815676 /* Products */ = {
			isa = PBXGroup;
			children = (
				AF10B84B1A78FB0900815676 /* sampleProgress.app */,
				AF10B8631A78FB0A00815676 /* sampleProgressTests.xctest */,
			);
			name = Products;
			sourceTree = "<group>";
		};
		AF10B84D1A78FB0900815676 /* sampleProgress */ = {
			isa = PBXGroup;
			children = (
				AF10B8501A78FB0A00815676 /* AppDelegate.swift */,
				AF10B8551A78FB0A00815676 /* ViewController.swift */,
				AF10B8571A78FB0A00815676 /* Main.storyboard */,
				AF10B85A1A78FB0A00815676 /* Images.xcassets */,
				AF10B85C1A78FB0A00815676 /* LaunchScreen.xib */,
				AF10B8521A78FB0A00815676 /* sampleProgress.xcdatamodeld */,
				AF10B84E1A78FB0A00815676 /* Supporting Files */,
			);
			path = sampleProgress;
			sourceTree = "<group>";
		};
		AF10B84E1A78FB0A00815676 /* Supporting Files */ = {
			isa = PBXGroup;
			children = (
				AF10B84F1A78FB0A00815676 /* Info.plist */,
			);
			name = "Supporting Files";
			sourceTree = "<group>";
		};
		AF10B8661A78FB0A00815676 /* sampleProgressTests */ = {
			isa = PBXGroup;
			children = (
				AF10B8691A78FB0A00815676 /* sampleProgressTests.swift */,
				AF10B8671A78FB0A00815676 /* Supporting Files */,
			);
			path = sampleProgressTests;
			sourceTree = "<group>";
		};
		AF10B8671A78FB0A00815676 /* Supporting Files */ = {
			isa = PBXGroup;
			children = (
				AF10B8681A78FB0A00815676 /* Info.plist */,
			);
			name = "Supporting Files";
			sourceTree = "<group>";
		};
/* End PBXGroup section */

/* Begin PBXNativeTarget section */
		AF10B84A1A78FB0900815676 /* sampleProgress */ = {
			isa = PBXNativeTarget;
			buildConfigurationList = AF10B86D1A78FB0A00815676 /* Build configuration list for PBXNativeTarget "sampleProgress" */;
			buildPhases = (
				AF10B8471A78FB0900815676 /* Sources */,
				AF10B8481A78FB0900815676 /* Frameworks */,
				AF10B8491A78FB0900815676 /* Resources */,
			);
			buildRules = (
			);
			dependencies = (
			);
			name = sampleProgress;
			productName = sampleProgress;
			productReference = AF10B84B1A78FB0900815676 /* sampleProgress.app */;
			productType = "com.apple.product-type.application";
		};
		AF10B8621A78FB0A00815676 /* sampleProgressTests */ = {
			isa = PBXNativeTarget;
			buildConfigurationList = AF10B8701A78FB0A00815676 /* Build configuration list for PBXNativeTarget "sampleProgressTests" */;
			buildPhases = (
				AF10B85F1A78FB0A00815676 /* Sources */,
				AF10B8601A78FB0A00815676 /* Frameworks */,
				AF10B8611A78FB0A00815676 /* Resources */,
			);
			buildRules = (
			);
			dependencies = (
				AF10B8651A78FB0A00815676 /* PBXTargetDependency */,
			);
			name = sampleProgressTests;
			productName = sampleProgressTests;
			productReference = AF10B8631A78FB0A00815676 /* sampleProgressTests.xctest */;
			productType = "com.apple.product-type.bundle.unit-test";
		};
/* End PBXNativeTarget section */

/* Begin PBXProject section */
		AF10B8431A78FB0900815676 /* Project object */ = {
			isa = PBXProject;
			attributes = {
				LastUpgradeCheck = 0610;
				ORGANIZATIONNAME = sampe;
				TargetAttributes = {
					AF10B84A1A78FB0900815676 = {
						CreatedOnToolsVersion = 6.1.1;
					};
					AF10B8621A78FB0A00815676 = {
						CreatedOnToolsVersion = 6.1.1;
						TestTargetID = AF10B84A1A78FB0900815676;
					};
				};
			};
			buildConfigurationList = AF10B8461A78FB0900815676 /* Build configuration list for PBXProject "sampleProgress" */;
			compatibilityVersion = "Xcode 3.2";
			developmentRegion = English;
			hasScannedForEncodings = 0;
			knownRegions = (
				en,
				Base,
			);
			mainGroup = AF10B8421A78FB0900815676;
			productRefGroup = AF10B84C1A78FB0900815676 /* Products */;
			projectDirPath = "";
			projectRoot = "";
			targets = (
				AF10B84A1A78FB0900815676 /* sampleProgress */,
				AF10B8621A78FB0A00815676 /* sampleProgressTests */,
			);
		};
/* End PBXProject section */

/* Begin PBXResourcesBuildPhase section */
		AF10B8491A78FB0900815676 /* Resources */ = {
			isa = PBXResourcesBuildPhase;
			buildActionMask = 2147483647;
			files = (
				AF10B8591A78FB0A00815676 /* Main.storyboard in Resources */,
				AF10B85E1A78FB0A00815676 /* LaunchScreen.xib in Resources */,
				AF10B85B1A78FB0A00815676 /* Images.xcassets in Resources */,
			);
			runOnlyForDeploymentPostprocessing = 0;
		};
		AF10B8611A78FB0A00815676 /* Resources */ = {
			isa = PBXResourcesBuildPhase;
			buildActionMask = 2147483647;
			files = (
			);
			runOnlyForDeploymentPostprocessing = 0;
		};
/* End PBXResourcesBuildPhase section */

/* Begin PBXSourcesBuildPhase section */
		AF10B8471A78FB0900815676 /* Sources */ = {
			isa = PBXSourcesBuildPhase;
			buildActionMask = 2147483647;
			files = (
				AF10B8561A78FB0A00815676 /* ViewController.swift in Sources */,
				AF10B8541A78FB0A00815676 /* sampleProgress.xcdatamodeld in Sources */,
				AF10B8511A78FB0A00815676 /* AppDelegate.swift in Sources */,
			);
			runOnlyForDeploymentPostprocessing = 0;
		};
		AF10B85F1A78FB0A00815676 /* Sources */ = {
			isa = PBXSourcesBuildPhase;
			buildActionMask = 2147483647;
			files = (
				AF10B86A1A78FB0A00815676 /* sampleProgressTests.swift in Sources */,
			);
			runOnlyForDeploymentPostprocessing = 0;
		};
/* End PBXSourcesBuildPhase section */

/* Begin PBXTargetDependency section */
		AF10B8651A78FB0A00815676 /* PBXTargetDependency */ = {
			isa = PBXTargetDependency;
			target = AF10B84A1A78FB0900815676 /* sampleProgress */;
			targetProxy = AF10B8641A78FB0A00815676 /* PBXContainerItemProxy */;
		};
/* End PBXTargetDependency section */

/* Begin PBXVariantGroup section */
		AF10B8571A78FB0A00815676 /* Main.storyboard */ = {
			isa = PBXVariantGroup;
			children = (
				AF10B8581A78FB0A00815676 /* Base */,
			);
			name = Main.storyboard;
			sourceTree = "<group>";
		};
		AF10B85C1A78FB0A00815676 /* LaunchScreen.xib */ = {
			isa = PBXVariantGroup;
			children = (
				AF10B85D1A78FB0A00815676 /* Base */,
			);
			name = LaunchScreen.xib;
			sourceTree = "<group>";
		};
/* End PBXVariantGroup section */

/* Begin XCBuildConfiguration section */
		AF10B86B1A78FB0A00815676 /* Debug */ = {
			isa = XCBuildConfiguration;
			buildSettings = {
				ALWAYS_SEARCH_USER_PATHS = NO;
				CLANG_CXX_LANGUAGE_STANDARD = "gnu++0x";
				CLANG_CXX_LIBRARY = "libc++";
				CLANG_ENABLE_MODULES = YES;
				CLANG_ENABLE_OBJC_ARC = YES;
				CLANG_WARN_BOOL_CONVERSION = YES;
				CLANG_WARN_CONSTANT_CONVERSION = YES;
				CLANG_WARN_DIRECT_OBJC_ISA_USAGE = YES_ERROR;
				CLANG_WARN_EMPTY_BODY = YES;
				CLANG_WARN_ENUM_CONVERSION = YES;
				CLANG_WARN_INT_CONVERSION = YES;
				CLANG_WARN_OBJC_ROOT_CLASS = YES_ERROR;
				CLANG_WARN_UNREACHABLE_CODE = YES;
				CLANG_WARN__DUPLICATE_METHOD_MATCH = YES;
				"CODE_SIGN_IDENTITY[sdk=iphoneos*]" = "iPhone Developer";
				COPY_PHASE_STRIP = NO;
				ENABLE_STRICT_OBJC_MSGSEND = YES;
				GCC_C_LANGUAGE_STANDARD = gnu99;
				GCC_DYNAMIC_NO_PIC = NO;
				GCC_OPTIMIZATION_LEVEL = 0;
				GCC_PREPROCESSOR_DEFINITIONS = (
					"DEBUG=1",
					"$(inherited)",
				);
				GCC_SYMBOLS_PRIVATE_EXTERN = NO;
				GCC_WARN_64_TO_32_BIT_CONVERSION = YES;
				GCC_WARN_ABOUT_RETURN_TYPE = YES_ERROR;
				GCC_WARN_UNDECLARED_SELECTOR = YES;
				GCC_WARN_UNINITIALIZED_AUTOS = YES_AGGRESSIVE;
				GCC_WARN_UNUSED_FUNCTION = YES;
				GCC_WARN_UNUSED_VARIABLE = YES;
				IPHONEOS_DEPLOYMENT_TARGET = 8.1;
				MTL_ENABLE_DEBUG_INFO = YES;
				ONLY_ACTIVE_ARCH = YES;
				SDKROOT = iphoneos;
				SWIFT_OPTIMIZATION_LEVEL = "-Onone";
			};
			name = Debug;
		};
		AF10B86C1A78FB0A00815676 /* Release */ = {
			isa = XCBuildConfiguration;
			buildSettings = {
				ALWAYS_SEARCH_USER_PATHS = NO;
				CLANG_CXX_LANGUAGE_STANDARD = "gnu++0x";
				CLANG_CXX_LIBRARY = "libc++";
				CLANG_ENABLE_MODULES = YES;
				CLANG_ENABLE_OBJC_ARC = YES;
				CLANG_WARN_BOOL_CONVERSION = YES;
				CLANG_WARN_CONSTANT_CONVERSION = YES;
				CLANG_WARN_DIRECT_OBJC_ISA_USAGE = YES_ERROR;
				CLANG_WARN_EMPTY_BODY = YES;
				CLANG_WARN_ENUM_CONVERSION = YES;
				CLANG_WARN_INT_CONVERSION = YES;
				CLANG_WARN_OBJC_ROOT_CLASS = YES_ERROR;
				CLANG_WARN_UNREACHABLE_CODE = YES;
				CLANG_WARN__DUPLICATE_METHOD_MATCH = YES;
				"CODE_SIGN_IDENTITY[sdk=iphoneos*]" = "iPhone Developer";
				COPY_PHASE_STRIP = YES;
				ENABLE_NS_ASSERTIONS = NO;
				ENABLE_STRICT_OBJC_MSGSEND = YES;
				GCC_C_LANGUAGE_STANDARD = gnu99;
				GCC_WARN_64_TO_32_BIT_CONVERSION = YES;
				GCC_WARN_ABOUT_RETURN_TYPE = YES_ERROR;
				GCC_WARN_UNDECLARED_SELECTOR = YES;
				GCC_WARN_UNINITIALIZED_AUTOS = YES_AGGRESSIVE;
				GCC_WARN_UNUSED_FUNCTION = YES;
				GCC_WARN_UNUSED_VARIABLE = YES;
				IPHONEOS_DEPLOYMENT_TARGET = 8.1;
				MTL_ENABLE_DEBUG_INFO = NO;
				SDKROOT = iphoneos;
				VALIDATE_PRODUCT = YES;
			};
			name = Release;
		};
		AF10B86E1A78FB0A00815676 /* Debug */ = {
			isa = XCBuildConfiguration;
			buildSettings = {
				ASSETCATALOG_COMPILER_APPICON_NAME = AppIcon;
				INFOPLIST_FILE = sampleProgress/Info.plist;
				LD_RUNPATH_SEARCH_PATHS = "$(inherited) @executable_path/Frameworks";
				PRODUCT_NAME = "$(TARGET_NAME)";
			};
			name = Debug;
		};
		AF10B86F1A78FB0A00815676 /* Release */ = {
			isa = XCBuildConfiguration;
			buildSettings = {
				ASSETCATALOG_COMPILER_APPICON_NAME = AppIcon;
				INFOPLIST_FILE = sampleProgress/Info.plist;
				LD_RUNPATH_SEARCH_PATHS = "$(inherited) @executable_path/Frameworks";
				PRODUCT_NAME = "$(TARGET_NAME)";
			};
			name = Release;
		};
		AF10B8711A78FB0A00815676 /* Debug */ = {
			isa = XCBuildConfiguration;
			buildSettings = {
				BUNDLE_LOADER = "$(TEST_HOST)";
				FRAMEWORK_SEARCH_PATHS = (
					"$(SDKROOT)/Developer/Library/Frameworks",
					"$(inherited)",
				);
				GCC_PREPROCESSOR_DEFINITIONS = (
					"DEBUG=1",
					"$(inherited)",
				);
				INFOPLIST_FILE = sampleProgressTests/Info.plist;
				LD_RUNPATH_SEARCH_PATHS = "$(inherited) @executable_path/Frameworks @loader_path/Frameworks";
				PRODUCT_NAME = "$(TARGET_NAME)";
				TEST_HOST = "$(BUILT_PRODUCTS_DIR)/sampleProgress.app/sampleProgress";
			};
			name = Debug;
		};
		AF10B8721A78FB0A00815676 /* Release */ = {
			isa = XCBuildConfiguration;
			buildSettings = {
				BUNDLE_LOADER = "$(TEST_HOST)";
				FRAMEWORK_SEARCH_PATHS = (
					"$(SDKROOT)/Developer/Library/Frameworks",
					"$(inherited)",
				);
				INFOPLIST_FILE = sampleProgressTests/Info.plist;
				LD_RUNPATH_SEARCH_PATHS = "$(inherited) @executable_path/Frameworks @loader_path/Frameworks";
				PRODUCT_NAME = "$(TARGET_NAME)";
				TEST_HOST = "$(BUILT_PRODUCTS_DIR)/sampleProgress.app/sampleProgress";
			};
			name = Release;
		};
/* End XCBuildConfiguration section */

/* Begin XCConfigurationList section */
		AF10B8461A78FB0900815676 /* Build configuration list for PBXProject "sampleProgress" */ = {
			isa = XCConfigurationList;
			buildConfigurations = (
				AF10B86B1A78FB0A00815676 /* Debug */,
				AF10B86C1A78FB0A00815676 /* Release */,
			);
			defaultConfigurationIsVisible = 0;
			defaultConfigurationName = Release;
		};
		AF10B86D1A78FB0A00815676 /* Build configuration list for PBXNativeTarget "sampleProgress" */ = {
			isa = XCConfigurationList;
			buildConfigurations = (
				AF10B86E1A78FB0A00815676 /* Debug */,
				AF10B86F1A78FB0A00815676 /* Release */,
			);
			defaultConfigurationIsVisible = 0;
		};
		AF10B8701A78FB0A00815676 /* Build configuration list for PBXNativeTarget "sampleProgressTests" */ = {
			isa = XCConfigurationList;
			buildConfigurations = (
				AF10B8711A78FB0A00815676 /* Debug */,
				AF10B8721A78FB0A00815676 /* Release */,
			);
			defaultConfigurationIsVisible = 0;
		};
/* End XCConfigurationList section */

/* Begin XCVersionGroup section */
		AF10B8521A78FB0A00815676 /* sampleProgress.xcdatamodeld */ = {
			isa = XCVersionGroup;
			children = (
				AF10B8531A78FB0A00815676 /* sampleProgress.xcdatamodel */,
			);
			currentVersion = AF10B8531A78FB0A00815676 /* sampleProgress.xcdatamodel */;
			path = sampleProgress.xcdatamodeld;
			sourceTree = "<group>";
			versionGroupType = wrapper.xcdatamodel;
		};
/* End XCVersionGroup section */
	};
	rootObject = AF10B8431A78FB0900815676 /* Project object */;
}
